
Microsoft Visual Studio Solution File, Format Version 12.00
# Visual Studio Version 17
VisualStudioVersion = 17.4.33103.184
MinimumVisualStudioVersion = 10.0.40219.1
Project("{9A19103F-16F7-4668-BE54-9A1E7A4F7556}") = "WeDoDigital.PhoneBook", "WeDoDigital.PhoneBook\WeDoDigital.PhoneBook.csproj", "{4750EF62-4522-4D03-81AA-4AA58C35CB48}"
EndProject
Project("{9A19103F-16F7-4668-BE54-9A1E7A4F7556}") = "WeDoDigital.PhoneBook.Data", "WeDoDigital.PhoneBook.Data\WeDoDigital.PhoneBook.Data.csproj", "{DD12DE18-C1DC-4B25-A084-49AB51ADD67C}"
EndProject
Project("{9A19103F-16F7-4668-BE54-9A1E7A4F7556}") = "WeDoDigital.PhoneBook.Services", "WeDoDigital.PhoneBook.Services\WeDoDigital.PhoneBook.Services.csproj", "{F83C82D7-19C2-40F2-963E-85FE660FB83C}"
EndProject
Project("{9A19103F-16F7-4668-BE54-9A1E7A4F7556}") = "WeDoDigital.PhoneBook.Shared", "WeDoDigital.PhoneBook.Shared\WeDoDigital.PhoneBook.Shared.csproj", "{A3AFF646-94CE-4571-911C-FB50319DF8A6}"
EndProject
Project("{FAE04EC0-301F-11D3-BF4B-00C04F79EFBC}") = "WeDoDigital.PhoneBook.Tests", "WeDoDigital.PhoneBook.Tests\WeDoDigital.PhoneBook.Tests.csproj", "{498A8A9A-01BA-4B2D-9E89-C76F1FCA9B23}"
EndProject
Global
	GlobalSection(SolutionConfigurationPlatforms) = preSolution
		Debug|Any CPU = Debug|Any CPU
		Release|Any CPU = Release|Any CPU
	EndGlobalSection
	GlobalSection(ProjectConfigurationPlatforms) = postSolution
		{4750EF62-4522-4D03-81AA-4AA58C35CB48}.Debug|Any CPU.ActiveCfg = Debug|Any CPU
		{4750EF62-4522-4D03-81AA-4AA58C35CB48}.Debug|Any CPU.Build.0 = Debug|Any CPU
		{4750EF62-4522-4D03-81AA-4AA58C35CB48}.Release|Any CPU.ActiveCfg = Release|Any CPU
		{4750EF62-4522-4D03-81AA-4AA58C35CB48}.Release|Any CPU.Build.0 = Release|Any CPU
		{DD12DE18-C1DC-4B25-A084-49AB51ADD67C}.Debug|Any CPU.ActiveCfg = Debug|Any CPU
		{DD12DE18-C1DC-4B25-A084-49AB51ADD67C}.Debug|Any CPU.Build.0 = Debug|Any CPU
		{DD12DE18-C1DC-4B25-A084-49AB51ADD67C}.Release|Any CPU.ActiveCfg = Release|Any CPU
		{DD12DE18-C1DC-4B25-A084-49AB51ADD67C}.Release|Any CPU.Build.0 = Release|Any CPU
		{F83C82D7-19C2-40F2-963E-85FE660FB83C}.Debug|Any CPU.ActiveCfg = Debug|Any CPU
		{F83C82D7-19C2-40F2-963E-85FE660FB83C}.Debug|Any CPU.Build.0 = Debug|Any CPU
		{F83C82D7-19C2-40F2-963E-85FE660FB83C}.Release|Any CPU.ActiveCfg = Release|Any CPU
		{F83C82D7-19C2-40F2-963E-85FE660FB83C}.Release|Any CPU.Build.0 = Release|Any CPU
		{A3AFF646-94CE-4571-911C-FB50319DF8A6}.Debug|Any CPU.ActiveCfg = Debug|Any CPU
		{A3AFF646-94CE-4571-911C-FB50319DF8A6}.Debug|Any CPU.Build.0 = Debug|Any CPU
		{A3AFF646-94CE-4571-911C-FB50319DF8A6}.Release|Any CPU.ActiveCfg = Release|Any CPU
		{A3AFF646-94CE-4571-911C-FB50319DF8A6}.Release|Any CPU.Build.0 = Release|Any CPU
		{498A8A9A-01BA-4B2D-9E89-C76F1FCA9B23}.Debug|Any CPU.ActiveCfg = Debug|Any CPU
		{498A8A9A-01BA-4B2D-9E89-C76F1FCA9B23}.Debug|Any CPU.Build.0 = Debug|Any CPU
		{498A8A9A-01BA-4B2D-9E89-C76F1FCA9B23}.Release|Any CPU.ActiveCfg = Release|Any CPU
		{498A8A9A-01BA-4B2D-9E89-C76F1FCA9B23}.Release|Any CPU.Build.0 = Release|Any CPU
	EndGlobalSection
	GlobalSection(SolutionProperties) = preSolution
		HideSolutionNode = FALSE
	EndGlobalSection
	GlobalSection(ExtensibilityGlobals) = postSolution
		SolutionGuid = {67B66C46-97D2-45CA-BAD2-F3333E53FD6B}
	EndGlobalSection
EndGlobal
